[[package]]
name = "PyQt5"
version = "5.15.2"
description = "Python bindings for the Qt cross platform application toolkit"
category = "main"
optional = false
python-versions = ">=3.5"

[package.dependencies]
PyQt5-sip = ">=12.8,<13"

[[package]]
name = "PyQt5-sip"
version = "12.11.0"
description = "The sip module support for PyQt5"
category = "main"
optional = false
python-versions = ">=3.7"

[[package]]
name = "PyQtWebEngine"
version = "5.15.2"
description = "Python bindings for the Qt WebEngine framework"
category = "main"
optional = false
python-versions = ">=3.5"

[package.dependencies]
PyQt5 = ">=5.15"
PyQt5-sip = ">=12.8,<13"

[metadata]
lock-version = "1.1"
python-versions = "^3.10"
content-hash = "90e83083791f8d9518858d597be46192bc5a8df0f8552b0f0cf81c8a04daaebc"

[metadata.files]
PyQt5 = [
    {file = "PyQt5-5.15.2-5.15.2-cp35.cp36.cp37.cp38.cp39-abi3-macosx_10_13_intel.whl", hash = "sha256:894ca4ae767a8d6cf5903784b71f755073c78cb8c167eecf6e4ed6b3b055ac6a"},
    {file = "PyQt5-5.15.2-5.15.2-cp35.cp36.cp37.cp38.cp39-abi3-manylinux2014_x86_64.whl", hash = "sha256:29889845688a54d62820585ad5b2e0200a36b304ff3d7a555e95599f110ba4ce"},
    {file = "PyQt5-5.15.2-5.15.2-cp35.cp36.cp37.cp38.cp39-none-win32.whl", hash = "sha256:ea24f24b7679bf393dd2e4f53fe0ce65021be18304c1ff7a226c2fc5c356d0da"},
    {file = "PyQt5-5.15.2-5.15.2-cp35.cp36.cp37.cp38.cp39-none-win_amd64.whl", hash = "sha256:faaecb76ec65e12673a968e7f5bc02495957e6996f0a3fa0d98895f9e4113746"},
    {file = "PyQt5-5.15.2.tar.gz", hash = "sha256:372b08dc9321d1201e4690182697c5e7ffb2e0770e6b4a45519025134b12e4fc"},
]
PyQt5-sip = [
    {file = "PyQt5_sip-12.11.0-cp310-cp310-macosx_10_9_universal2.whl", hash = "sha256:f1f9e312ff8284d6dfebc5366f6f7d103f84eec23a4da0be0482403933e68660"},
    {file = "PyQt5_sip-12.11.0-cp310-cp310-manylinux1_x86_64.whl", hash = "sha256:4031547dfb679be309094bfa79254f5badc5ddbe66b9ad38e319d84a7d612443"},
    {file = "PyQt5_sip-12.11.0-cp310-cp310-win32.whl", hash = "sha256:ad21ca0ee8cae2a41b61fc04949dccfab6fe008749627d94e8c7078cb7a73af1"},
    {file = "PyQt5_sip-12.11.0-cp310-cp310-win_amd64.whl", hash = "sha256:3126c84568ab341c12e46ded2230f62a9a78752a70fdab13713f89a71cd44f73"},
    {file = "PyQt5_sip-12.11.0-cp37-cp37m-macosx_10_9_x86_64.whl", hash = "sha256:0f77655c62ec91d47c2c99143f248624d44dd2d8a12d016e7c020508ad418aca"},
    {file = "PyQt5_sip-12.11.0-cp37-cp37m-manylinux1_x86_64.whl", hash = "sha256:ec5e9ef78852e1f96f86d7e15c9215878422b83dde36d44f1539a3062942f19c"},
    {file = "PyQt5_sip-12.11.0-cp37-cp37m-win32.whl", hash = "sha256:d12b81c3a08abf7657a2ebc7d3649852a1f327eb2146ebadf45930486d32e920"},
    {file = "PyQt5_sip-12.11.0-cp37-cp37m-win_amd64.whl", hash = "sha256:b69a1911f768b489846335e31e49eb34795c6b5a038ca24d894d751e3b0b44da"},
    {file = "PyQt5_sip-12.11.0-cp38-cp38-macosx_10_9_x86_64.whl", hash = "sha256:51e377789d59196213eddf458e6927f33ba9d217b614d17d20df16c9a8b2c41c"},
    {file = "PyQt5_sip-12.11.0-cp38-cp38-manylinux1_x86_64.whl", hash = "sha256:4e5c1559311515291ea0ab0635529f14536954e3b973a7c7890ab7e4de1c2c23"},
    {file = "PyQt5_sip-12.11.0-cp38-cp38-win32.whl", hash = "sha256:9bca450c5306890cb002fe36bbca18f979dd9e5b810b766dce8e3ce5e66ba795"},
    {file = "PyQt5_sip-12.11.0-cp38-cp38-win_amd64.whl", hash = "sha256:f6b72035da4e8fecbb0bc4a972e30a5674a9ad5608dbddaa517e983782dbf3bf"},
    {file = "PyQt5_sip-12.11.0-cp39-cp39-macosx_10_9_universal2.whl", hash = "sha256:9356260d4feb60dbac0ab66f8a791a0d2cda1bf98c9dec8e575904a045fbf7c5"},
    {file = "PyQt5_sip-12.11.0-cp39-cp39-manylinux1_x86_64.whl", hash = "sha256:205f3e1b3eea3597d8e878936c1a06e04bd23a59e8b179ee806465d72eea3071"},
    {file = "PyQt5_sip-12.11.0-cp39-cp39-win32.whl", hash = "sha256:686071be054e5be6ca5aaaef7960931d4ba917277e839e2e978c7cbe3f43bb6e"},
    {file = "PyQt5_sip-12.11.0-cp39-cp39-win_amd64.whl", hash = "sha256:42320e7a94b1085ed85d49794ed4ccfe86f1cae80b44a894db908a8aba2bc60e"},
    {file = "PyQt5_sip-12.11.0.tar.gz", hash = "sha256:b4710fd85b57edef716cc55fae45bfd5bfac6fc7ba91036f1dcc3f331ca0eb39"},
]
PyQtWebEngine = [
    {file = "PyQtWebEngine-5.15.2-5.15.2-cp35.cp36.cp37.cp38.cp39-abi3-macosx_10_13_intel.whl", hash = "sha256:e9f4a09cce6d8ab8b6c7e7a11e21f606ae713ff275c749839aa4d871a799fccc"},
    {file = "PyQtWebEngine-5.15.2-5.15.2-cp35.cp36.cp37.cp38.cp39-abi3-manylinux2014_x86_64.whl", hash = "sha256:db99bdf6c01c84bcc7369b0c49702e40451bc48372d4281777e17dbb84874c1a"},
    {file = "PyQtWebEngine-5.15.2-5.15.2-cp35.cp36.cp37.cp38.cp39-none-win32.whl", hash = "sha256:fe5a02d4cf2327b6a930f8146589842b7664ac703cfddf1f83172423a32e3164"},
    {file = "PyQtWebEngine-5.15.2-5.15.2-cp35.cp36.cp37.cp38.cp39-none-win_amd64.whl", hash = "sha256:8ba247d0873bbeaee70f273cafbfa985a93947b2b8df23059607ec3595fee128"},
    {file = "PyQtWebEngine-5.15.2.tar.gz", hash = "sha256:4d72fea774071ce6f76e341a3d2c5d595886c9906a9b9493239c841cce54a634"},
]
